
Microsoft Visual Studio Solution File, Format Version 12.00
# Visual Studio Version 17
VisualStudioVersion = 17.6.33815.320
MinimumVisualStudioVersion = 10.0.40219.1
Project("{8BC9CEB8-8B4A-11D0-8D11-00A0C91BC942}") = "30 Salvemos el árbol", "30 Salvemos el árbol.vcxproj", "{84F04CE6-DCAF-474C-8BCB-E4DE72A42B4B}"
EndProject
Global
	GlobalSection(SolutionConfigurationPlatforms) = preSolution
		Debug|x64 = Debug|x64
		Debug|x86 = Debug|x86
		Release|x64 = Release|x64
		Release|x86 = Release|x86
	EndGlobalSection
	GlobalSection(ProjectConfigurationPlatforms) = postSolution
		{84F04CE6-DCAF-474C-8BCB-E4DE72A42B4B}.Debug|x64.ActiveCfg = Debug|x64
		{84F04CE6-DCAF-474C-8BCB-E4DE72A42B4B}.Debug|x64.Build.0 = Debug|x64
		{84F04CE6-DCAF-474C-8BCB-E4DE72A42B4B}.Debug|x86.ActiveCfg = Debug|Win32
		{84F04CE6-DCAF-474C-8BCB-E4DE72A42B4B}.Debug|x86.Build.0 = Debug|Win32
		{84F04CE6-DCAF-474C-8BCB-E4DE72A42B4B}.Release|x64.ActiveCfg = Release|x64
		{84F04CE6-DCAF-474C-8BCB-E4DE72A42B4B}.Release|x64.Build.0 = Release|x64
		{84F04CE6-DCAF-474C-8BCB-E4DE72A42B4B}.Release|x86.ActiveCfg = Release|Win32
		{84F04CE6-DCAF-474C-8BCB-E4DE72A42B4B}.Release|x86.Build.0 = Release|Win32
	EndGlobalSection
	GlobalSection(SolutionProperties) = preSolution
		HideSolutionNode = FALSE
	EndGlobalSection
	GlobalSection(ExtensibilityGlobals) = postSolution
		SolutionGuid = {56C6D330-4F5B-42E9-BF7A-7124B227D7DE}
	EndGlobalSection
EndGlobal
